
Microsoft Visual Studio Solution File, Format Version 12.00
# Visual Studio 2013
VisualStudioVersion = 12.0.30501.0
MinimumVisualStudioVersion = 10.0.40219.1
Project("{FAE04EC0-301F-11D3-BF4B-00C04F79EFBC}") = "ChallengeAdvisor", "ChallengeAdvisor\ChallengeAdvisor.csproj", "{578A629F-851A-4A94-B7A6-8EF9F0FA8B4B}"
EndProject
Global
	GlobalSection(SolutionConfigurationPlatforms) = preSolution
		Debug|Any CPU = Debug|Any CPU
		Release|Any CPU = Release|Any CPU
	EndGlobalSection
	GlobalSection(ProjectConfigurationPlatforms) = postSolution
		{578A629F-851A-4A94-B7A6-8EF9F0FA8B4B}.Debug|Any CPU.ActiveCfg = Debug|Any CPU
		{578A629F-851A-4A94-B7A6-8EF9F0FA8B4B}.Debug|Any CPU.Build.0 = Debug|Any CPU
		{578A629F-851A-4A94-B7A6-8EF9F0FA8B4B}.Release|Any CPU.ActiveCfg = Release|Any CPU
		{578A629F-851A-4A94-B7A6-8EF9F0FA8B4B}.Release|Any CPU.Build.0 = Release|Any CPU
	EndGlobalSection
	GlobalSection(SolutionProperties) = preSolution
		HideSolutionNode = FALSE
	EndGlobalSection
EndGlobal
